
Microsoft Visual Studio Solution File, Format Version 12.00
# Visual Studio 2013
VisualStudioVersion = 12.0.40629.0
MinimumVisualStudioVersion = 10.0.40219.1
Project("{FAE04EC0-301F-11D3-BF4B-00C04F79EFBC}") = "Domain", "Domain\Domain.csproj", "{0F38F272-1871-4C97-A8F4-9AE9868A1F13}"
EndProject
Project("{FAE04EC0-301F-11D3-BF4B-00C04F79EFBC}") = "Infrastructure", "Infrastructure\Infrastructure.csproj", "{E85B801E-AF16-4AEA-B036-3CC411E6F615}"
EndProject
Project("{FAE04EC0-301F-11D3-BF4B-00C04F79EFBC}") = "Kiosk", "Kiosk\Kiosk.csproj", "{07E81C8F-08C6-4170-9743-916517F77EC5}"
EndProject
Project("{FAE04EC0-301F-11D3-BF4B-00C04F79EFBC}") = "UnitTest", "UnitTest\UnitTest.csproj", "{CB5338F8-8D60-4ACD-B524-244E1AC91FDC}"
EndProject
Global
	GlobalSection(SolutionConfigurationPlatforms) = preSolution
		Debug|Any CPU = Debug|Any CPU
		Release|Any CPU = Release|Any CPU
	EndGlobalSection
	GlobalSection(ProjectConfigurationPlatforms) = postSolution
		{0F38F272-1871-4C97-A8F4-9AE9868A1F13}.Debug|Any CPU.ActiveCfg = Debug|Any CPU
		{0F38F272-1871-4C97-A8F4-9AE9868A1F13}.Debug|Any CPU.Build.0 = Debug|Any CPU
		{0F38F272-1871-4C97-A8F4-9AE9868A1F13}.Release|Any CPU.ActiveCfg = Release|Any CPU
		{0F38F272-1871-4C97-A8F4-9AE9868A1F13}.Release|Any CPU.Build.0 = Release|Any CPU
		{E85B801E-AF16-4AEA-B036-3CC411E6F615}.Debug|Any CPU.ActiveCfg = Debug|Any CPU
		{E85B801E-AF16-4AEA-B036-3CC411E6F615}.Debug|Any CPU.Build.0 = Debug|Any CPU
		{E85B801E-AF16-4AEA-B036-3CC411E6F615}.Release|Any CPU.ActiveCfg = Release|Any CPU
		{E85B801E-AF16-4AEA-B036-3CC411E6F615}.Release|Any CPU.Build.0 = Release|Any CPU
		{07E81C8F-08C6-4170-9743-916517F77EC5}.Debug|Any CPU.ActiveCfg = Debug|Any CPU
		{07E81C8F-08C6-4170-9743-916517F77EC5}.Debug|Any CPU.Build.0 = Debug|Any CPU
		{07E81C8F-08C6-4170-9743-916517F77EC5}.Release|Any CPU.ActiveCfg = Release|Any CPU
		{07E81C8F-08C6-4170-9743-916517F77EC5}.Release|Any CPU.Build.0 = Release|Any CPU
		{CB5338F8-8D60-4ACD-B524-244E1AC91FDC}.Debug|Any CPU.ActiveCfg = Debug|Any CPU
		{CB5338F8-8D60-4ACD-B524-244E1AC91FDC}.Debug|Any CPU.Build.0 = Debug|Any CPU
		{CB5338F8-8D60-4ACD-B524-244E1AC91FDC}.Release|Any CPU.ActiveCfg = Release|Any CPU
		{CB5338F8-8D60-4ACD-B524-244E1AC91FDC}.Release|Any CPU.Build.0 = Release|Any CPU
	EndGlobalSection
	GlobalSection(SolutionProperties) = preSolution
		HideSolutionNode = FALSE
	EndGlobalSection
EndGlobal
